// !$*UTF8*$!
{
	archiveVersion = 1;
	classes = {
	};
	objectVersion = 55;
	objects = {

/* Begin PBXBuildFile section */
		056C7B362902CA5D001A6A2C /* ComradeMajorApp.swift in Sources */ = {isa = PBXBuildFile; fileRef = 056C7B352902CA5D001A6A2C /* ComradeMajorApp.swift */; };
		056C7B3A2902CA61001A6A2C /* Assets.xcassets in Resources */ = {isa = PBXBuildFile; fileRef = 056C7B392902CA61001A6A2C /* Assets.xcassets */; };
		056C7B4C2902D1D6001A6A2C /* FontSet.swift in Sources */ = {isa = PBXBuildFile; fileRef = 056C7B442902D1D6001A6A2C /* FontSet.swift */; };
		056C7B4E2902D1D6001A6A2C /* VKSansDisplay-Bold.ttf in Resources */ = {isa = PBXBuildFile; fileRef = 056C7B472902D1D6001A6A2C /* VKSansDisplay-Bold.ttf */; };
		056C7B4F2902D1D6001A6A2C /* VKSansDisplay-Regular.ttf in Resources */ = {isa = PBXBuildFile; fileRef = 056C7B482902D1D6001A6A2C /* VKSansDisplay-Regular.ttf */; };
		056C7B502902D1D6001A6A2C /* VKSansDisplay-DemiBold.ttf in Resources */ = {isa = PBXBuildFile; fileRef = 056C7B492902D1D6001A6A2C /* VKSansDisplay-DemiBold.ttf */; };
		056C7B512902D1D6001A6A2C /* VKSansDisplay-Medium.ttf in Resources */ = {isa = PBXBuildFile; fileRef = 056C7B4A2902D1D6001A6A2C /* VKSansDisplay-Medium.ttf */; };
		056C7B522902D1D6001A6A2C /* ColorSet.swift in Sources */ = {isa = PBXBuildFile; fileRef = 056C7B4B2902D1D6001A6A2C /* ColorSet.swift */; };
		056C7B582902D501001A6A2C /* HomeView.swift in Sources */ = {isa = PBXBuildFile; fileRef = 056C7B572902D501001A6A2C /* HomeView.swift */; };
		056C7B5B2902D536001A6A2C /* TemplatesView.swift in Sources */ = {isa = PBXBuildFile; fileRef = 056C7B5A2902D536001A6A2C /* TemplatesView.swift */; };
		056C7B5F2902D596001A6A2C /* SettingsView.swift in Sources */ = {isa = PBXBuildFile; fileRef = 056C7B5E2902D596001A6A2C /* SettingsView.swift */; };
		056C7B6C2903D259001A6A2C /* CardView.swift in Sources */ = {isa = PBXBuildFile; fileRef = 056C7B6B2903D259001A6A2C /* CardView.swift */; };
		056C7B73290451A9001A6A2C /* Card.ViewModel.swift in Sources */ = {isa = PBXBuildFile; fileRef = 056C7B72290451A9001A6A2C /* Card.ViewModel.swift */; };
		05C31519290EB12F00D17396 /* ComradeMajor.xcdatamodeld in Sources */ = {isa = PBXBuildFile; fileRef = 05C31517290EB12F00D17396 /* ComradeMajor.xcdatamodeld */; };
		05C3151B290ECF9000D17396 /* AsyncImage.swift in Sources */ = {isa = PBXBuildFile; fileRef = 05C3151A290ECF9000D17396 /* AsyncImage.swift */; };
		05C3151E290EE0E900D17396 /* DynamicFetchRequestView.swift in Sources */ = {isa = PBXBuildFile; fileRef = 05C3151D290EE0E900D17396 /* DynamicFetchRequestView.swift */; };
		05C31520290EE2E100D17396 /* CardIcon.swift in Sources */ = {isa = PBXBuildFile; fileRef = 05C3151F290EE2E100D17396 /* CardIcon.swift */; };
		05CED12C290EE36400DD7358 /* Home.ViewModel.swift in Sources */ = {isa = PBXBuildFile; fileRef = 05CED12B290EE36400DD7358 /* Home.ViewModel.swift */; };
		05CED1302910405A00DD7358 /* Image+init.swift in Sources */ = {isa = PBXBuildFile; fileRef = 05CED12F2910405A00DD7358 /* Image+init.swift */; };
		05CED1352910435400DD7358 /* EditCardView.swift in Sources */ = {isa = PBXBuildFile; fileRef = 05CED1342910435400DD7358 /* EditCardView.swift */; };
		05CED1382911185500DD7358 /* Card.swift in Sources */ = {isa = PBXBuildFile; fileRef = 05CED1372911185500DD7358 /* Card.swift */; };
		05CED14C291129AF00DD7358 /* EditCard.ViewModel.swift in Sources */ = {isa = PBXBuildFile; fileRef = 05CED14B291129AF00DD7358 /* EditCard.ViewModel.swift */; };
		05CED14F291144D900DD7358 /* EditCard.Header.swift in Sources */ = {isa = PBXBuildFile; fileRef = 05CED14E291144D900DD7358 /* EditCard.Header.swift */; };
		05CED151291147BB00DD7358 /* EditCard.Auth.swift in Sources */ = {isa = PBXBuildFile; fileRef = 05CED150291147BB00DD7358 /* EditCard.Auth.swift */; };
		05CED153291148C700DD7358 /* CardField.swift in Sources */ = {isa = PBXBuildFile; fileRef = 05CED152291148C700DD7358 /* CardField.swift */; };
		05CED15629140B4D00DD7358 /* Binding+CardField.swift in Sources */ = {isa = PBXBuildFile; fileRef = 05CED15529140B4D00DD7358 /* Binding+CardField.swift */; };
		05D055B5291902B300F70A82 /* WillDisappearHandler.swift in Sources */ = {isa = PBXBuildFile; fileRef = 05D055B4291902B300F70A82 /* WillDisappearHandler.swift */; };
		05D055B7291904A100F70A82 /* RoundedBackground.swift in Sources */ = {isa = PBXBuildFile; fileRef = 05D055B6291904A100F70A82 /* RoundedBackground.swift */; };
		05D055BA291906B500F70A82 /* String+asPassword.swift in Sources */ = {isa = PBXBuildFile; fileRef = 05D055B9291906B500F70A82 /* String+asPassword.swift */; };
		05D055BC2919081D00F70A82 /* Card.Header.swift in Sources */ = {isa = PBXBuildFile; fileRef = 05D055BB2919081D00F70A82 /* Card.Header.swift */; };
		05D055BE2919086300F70A82 /* Card.Login.swift in Sources */ = {isa = PBXBuildFile; fileRef = 05D055BD2919086300F70A82 /* Card.Login.swift */; };
		05D055C0291908AA00F70A82 /* Card.Password.swift in Sources */ = {isa = PBXBuildFile; fileRef = 05D055BF291908AA00F70A82 /* Card.Password.swift */; };
		05D055C229190B5800F70A82 /* PreviewContentProvider.swift in Sources */ = {isa = PBXBuildFile; fileRef = 05D055C129190B5800F70A82 /* PreviewContentProvider.swift */; };
/* End PBXBuildFile section */

/* Begin PBXFileReference section */
		056C7B322902CA5D001A6A2C /* Comrade Major.app */ = {isa = PBXFileReference; explicitFileType = wrapper.application; includeInIndex = 0; path = "Comrade Major.app"; sourceTree = BUILT_PRODUCTS_DIR; };
		056C7B352902CA5D001A6A2C /* ComradeMajorApp.swift */ = {isa = PBXFileReference; lastKnownFileType = sourcecode.swift; path = ComradeMajorApp.swift; sourceTree = "<group>"; };
		056C7B392902CA61001A6A2C /* Assets.xcassets */ = {isa = PBXFileReference; lastKnownFileType = folder.assetcatalog; path = Assets.xcassets; sourceTree = "<group>"; };
		056C7B442902D1D6001A6A2C /* FontSet.swift */ = {isa = PBXFileReference; fileEncoding = 4; lastKnownFileType = sourcecode.swift; path = FontSet.swift; sourceTree = "<group>"; };
		056C7B472902D1D6001A6A2C /* VKSansDisplay-Bold.ttf */ = {isa = PBXFileReference; lastKnownFileType = file; path = "VKSansDisplay-Bold.ttf"; sourceTree = "<group>"; };
		056C7B482902D1D6001A6A2C /* VKSansDisplay-Regular.ttf */ = {isa = PBXFileReference; lastKnownFileType = file; path = "VKSansDisplay-Regular.ttf"; sourceTree = "<group>"; };
		056C7B492902D1D6001A6A2C /* VKSansDisplay-DemiBold.ttf */ = {isa = PBXFileReference; lastKnownFileType = file; path = "VKSansDisplay-DemiBold.ttf"; sourceTree = "<group>"; };
		056C7B4A2902D1D6001A6A2C /* VKSansDisplay-Medium.ttf */ = {isa = PBXFileReference; lastKnownFileType = file; path = "VKSansDisplay-Medium.ttf"; sourceTree = "<group>"; };
		056C7B4B2902D1D6001A6A2C /* ColorSet.swift */ = {isa = PBXFileReference; fileEncoding = 4; lastKnownFileType = sourcecode.swift; path = ColorSet.swift; sourceTree = "<group>"; };
		056C7B532902D20A001A6A2C /* Info.plist */ = {isa = PBXFileReference; lastKnownFileType = text.plist; path = Info.plist; sourceTree = "<group>"; };
		056C7B572902D501001A6A2C /* HomeView.swift */ = {isa = PBXFileReference; lastKnownFileType = sourcecode.swift; path = HomeView.swift; sourceTree = "<group>"; };
		056C7B5A2902D536001A6A2C /* TemplatesView.swift */ = {isa = PBXFileReference; lastKnownFileType = sourcecode.swift; path = TemplatesView.swift; sourceTree = "<group>"; };
		056C7B5E2902D596001A6A2C /* SettingsView.swift */ = {isa = PBXFileReference; lastKnownFileType = sourcecode.swift; path = SettingsView.swift; sourceTree = "<group>"; };
		056C7B6B2903D259001A6A2C /* CardView.swift */ = {isa = PBXFileReference; lastKnownFileType = sourcecode.swift; path = CardView.swift; sourceTree = "<group>"; };
		056C7B72290451A9001A6A2C /* Card.ViewModel.swift */ = {isa = PBXFileReference; lastKnownFileType = sourcecode.swift; path = Card.ViewModel.swift; sourceTree = "<group>"; };
		05C31518290EB12F00D17396 /* ComradeMajor.xcdatamodel */ = {isa = PBXFileReference; lastKnownFileType = wrapper.xcdatamodel; path = ComradeMajor.xcdatamodel; sourceTree = "<group>"; };
		05C3151A290ECF9000D17396 /* AsyncImage.swift */ = {isa = PBXFileReference; lastKnownFileType = sourcecode.swift; path = AsyncImage.swift; sourceTree = "<group>"; };
		05C3151D290EE0E900D17396 /* DynamicFetchRequestView.swift */ = {isa = PBXFileReference; lastKnownFileType = sourcecode.swift; path = DynamicFetchRequestView.swift; sourceTree = "<group>"; };
		05C3151F290EE2E100D17396 /* CardIcon.swift */ = {isa = PBXFileReference; lastKnownFileType = sourcecode.swift; path = CardIcon.swift; sourceTree = "<group>"; };
		05CED12B290EE36400DD7358 /* Home.ViewModel.swift */ = {isa = PBXFileReference; fileEncoding = 4; lastKnownFileType = sourcecode.swift; path = Home.ViewModel.swift; sourceTree = "<group>"; };
		05CED12F2910405A00DD7358 /* Image+init.swift */ = {isa = PBXFileReference; lastKnownFileType = sourcecode.swift; path = "Image+init.swift"; sourceTree = "<group>"; };
		05CED1342910435400DD7358 /* EditCardView.swift */ = {isa = PBXFileReference; lastKnownFileType = sourcecode.swift; path = EditCardView.swift; sourceTree = "<group>"; };
		05CED1372911185500DD7358 /* Card.swift */ = {isa = PBXFileReference; lastKnownFileType = sourcecode.swift; path = Card.swift; sourceTree = "<group>"; };
		05CED14B291129AF00DD7358 /* EditCard.ViewModel.swift */ = {isa = PBXFileReference; lastKnownFileType = sourcecode.swift; path = EditCard.ViewModel.swift; sourceTree = "<group>"; };
		05CED14E291144D900DD7358 /* EditCard.Header.swift */ = {isa = PBXFileReference; lastKnownFileType = sourcecode.swift; path = EditCard.Header.swift; sourceTree = "<group>"; };
		05CED150291147BB00DD7358 /* EditCard.Auth.swift */ = {isa = PBXFileReference; lastKnownFileType = sourcecode.swift; path = EditCard.Auth.swift; sourceTree = "<group>"; };
		05CED152291148C700DD7358 /* CardField.swift */ = {isa = PBXFileReference; lastKnownFileType = sourcecode.swift; path = CardField.swift; sourceTree = "<group>"; };
		05CED15529140B4D00DD7358 /* Binding+CardField.swift */ = {isa = PBXFileReference; lastKnownFileType = sourcecode.swift; path = "Binding+CardField.swift"; sourceTree = "<group>"; };
		05D055B4291902B300F70A82 /* WillDisappearHandler.swift */ = {isa = PBXFileReference; lastKnownFileType = sourcecode.swift; path = WillDisappearHandler.swift; sourceTree = "<group>"; };
		05D055B6291904A100F70A82 /* RoundedBackground.swift */ = {isa = PBXFileReference; lastKnownFileType = sourcecode.swift; path = RoundedBackground.swift; sourceTree = "<group>"; };
		05D055B9291906B500F70A82 /* String+asPassword.swift */ = {isa = PBXFileReference; lastKnownFileType = sourcecode.swift; path = "String+asPassword.swift"; sourceTree = "<group>"; };
		05D055BB2919081D00F70A82 /* Card.Header.swift */ = {isa = PBXFileReference; lastKnownFileType = sourcecode.swift; path = Card.Header.swift; sourceTree = "<group>"; };
		05D055BD2919086300F70A82 /* Card.Login.swift */ = {isa = PBXFileReference; lastKnownFileType = sourcecode.swift; path = Card.Login.swift; sourceTree = "<group>"; };
		05D055BF291908AA00F70A82 /* Card.Password.swift */ = {isa = PBXFileReference; lastKnownFileType = sourcecode.swift; path = Card.Password.swift; sourceTree = "<group>"; };
		05D055C129190B5800F70A82 /* PreviewContentProvider.swift */ = {isa = PBXFileReference; lastKnownFileType = sourcecode.swift; path = PreviewContentProvider.swift; sourceTree = "<group>"; };
/* End PBXFileReference section */

/* Begin PBXFrameworksBuildPhase section */
		056C7B2F2902CA5D001A6A2C /* Frameworks */ = {
			isa = PBXFrameworksBuildPhase;
			buildActionMask = 2147483647;
			files = (
			);
			runOnlyForDeploymentPostprocessing = 0;
		};
/* End PBXFrameworksBuildPhase section */

/* Begin PBXGroup section */
		056C7B292902CA5D001A6A2C = {
			isa = PBXGroup;
			children = (
				056C7B342902CA5D001A6A2C /* ComradeMajor */,
				056C7B332902CA5D001A6A2C /* Products */,
			);
			sourceTree = "<group>";
		};
		056C7B332902CA5D001A6A2C /* Products */ = {
			isa = PBXGroup;
			children = (
				056C7B322902CA5D001A6A2C /* Comrade Major.app */,
			);
			name = Products;
			sourceTree = "<group>";
		};
		056C7B342902CA5D001A6A2C /* ComradeMajor */ = {
			isa = PBXGroup;
			children = (
				056C7B532902D20A001A6A2C /* Info.plist */,
				056C7B352902CA5D001A6A2C /* ComradeMajorApp.swift */,
				056C7B622902EA39001A6A2C /* Business Logic */,
				056C7B662903CF73001A6A2C /* Entity */,
				056C7B542902D4E8001A6A2C /* UI */,
				05CED12D2910402F00DD7358 /* Ext */,
				056C7B392902CA61001A6A2C /* Assets.xcassets */,
				056C7B432902D1D6001A6A2C /* Resource */,
			);
			path = ComradeMajor;
			sourceTree = "<group>";
		};
		056C7B432902D1D6001A6A2C /* Resource */ = {
			isa = PBXGroup;
			children = (
				05C31517290EB12F00D17396 /* ComradeMajor.xcdatamodeld */,
				056C7B442902D1D6001A6A2C /* FontSet.swift */,
				056C7B4B2902D1D6001A6A2C /* ColorSet.swift */,
				056C7B462902D1D6001A6A2C /* Font */,
			);
			path = Resource;
			sourceTree = "<group>";
		};
		056C7B462902D1D6001A6A2C /* Font */ = {
			isa = PBXGroup;
			children = (
				056C7B472902D1D6001A6A2C /* VKSansDisplay-Bold.ttf */,
				056C7B482902D1D6001A6A2C /* VKSansDisplay-Regular.ttf */,
				056C7B492902D1D6001A6A2C /* VKSansDisplay-DemiBold.ttf */,
				056C7B4A2902D1D6001A6A2C /* VKSansDisplay-Medium.ttf */,
			);
			path = Font;
			sourceTree = "<group>";
		};
		056C7B542902D4E8001A6A2C /* UI */ = {
			isa = PBXGroup;
			children = (
				05C3151C290EE0DE00D17396 /* Common */,
				056C7B552902D4EF001A6A2C /* Story */,
			);
			path = UI;
			sourceTree = "<group>";
		};
		056C7B552902D4EF001A6A2C /* Story */ = {
			isa = PBXGroup;
			children = (
				056C7B562902D4F5001A6A2C /* Home */,
				056C7B6A2903D24A001A6A2C /* Card */,
				05CED1332910434600DD7358 /* EditCard */,
				056C7B592902D51C001A6A2C /* Templates */,
				056C7B5C2902D54E001A6A2C /* Settings */,
			);
			path = Story;
			sourceTree = "<group>";
		};
		056C7B562902D4F5001A6A2C /* Home */ = {
			isa = PBXGroup;
			children = (
				056C7B572902D501001A6A2C /* HomeView.swift */,
				05CED12B290EE36400DD7358 /* Home.ViewModel.swift */,
			);
			path = Home;
			sourceTree = "<group>";
		};
		056C7B592902D51C001A6A2C /* Templates */ = {
			isa = PBXGroup;
			children = (
				056C7B5A2902D536001A6A2C /* TemplatesView.swift */,
			);
			path = Templates;
			sourceTree = "<group>";
		};
		056C7B5C2902D54E001A6A2C /* Settings */ = {
			isa = PBXGroup;
			children = (
				056C7B5E2902D596001A6A2C /* SettingsView.swift */,
			);
			path = Settings;
			sourceTree = "<group>";
		};
		056C7B622902EA39001A6A2C /* Business Logic */ = {
			isa = PBXGroup;
			children = (
				05D055C129190B5800F70A82 /* PreviewContentProvider.swift */,
			);
			path = "Business Logic";
			sourceTree = "<group>";
		};
		056C7B662903CF73001A6A2C /* Entity */ = {
			isa = PBXGroup;
			children = (
				05CED1362911184D00DD7358 /* Card */,
			);
			path = Entity;
			sourceTree = "<group>";
		};
		056C7B6A2903D24A001A6A2C /* Card */ = {
			isa = PBXGroup;
			children = (
				056C7B6B2903D259001A6A2C /* CardView.swift */,
				056C7B72290451A9001A6A2C /* Card.ViewModel.swift */,
				05D055BB2919081D00F70A82 /* Card.Header.swift */,
				05D055BD2919086300F70A82 /* Card.Login.swift */,
				05D055BF291908AA00F70A82 /* Card.Password.swift */,
			);
			path = Card;
			sourceTree = "<group>";
		};
		05C3151C290EE0DE00D17396 /* Common */ = {
			isa = PBXGroup;
			children = (
				05C3151D290EE0E900D17396 /* DynamicFetchRequestView.swift */,
				05D055B4291902B300F70A82 /* WillDisappearHandler.swift */,
				05C3151F290EE2E100D17396 /* CardIcon.swift */,
				05C3151A290ECF9000D17396 /* AsyncImage.swift */,
				05D055B6291904A100F70A82 /* RoundedBackground.swift */,
			);
			path = Common;
			sourceTree = "<group>";
		};
		05CED12D2910402F00DD7358 /* Ext */ = {
			isa = PBXGroup;
			children = (
				05D055B8291906A400F70A82 /* Foundation */,
				05CED15429140B3E00DD7358 /* Combine */,
				05CED12E2910403D00DD7358 /* UI */,
			);
			path = Ext;
			sourceTree = "<group>";
		};
		05CED12E2910403D00DD7358 /* UI */ = {
			isa = PBXGroup;
			children = (
				05CED12F2910405A00DD7358 /* Image+init.swift */,
			);
			path = UI;
			sourceTree = "<group>";
		};
		05CED1332910434600DD7358 /* EditCard */ = {
			isa = PBXGroup;
			children = (
				05CED1342910435400DD7358 /* EditCardView.swift */,
				05CED14B291129AF00DD7358 /* EditCard.ViewModel.swift */,
				05CED14E291144D900DD7358 /* EditCard.Header.swift */,
				05CED150291147BB00DD7358 /* EditCard.Auth.swift */,
			);
			path = EditCard;
			sourceTree = "<group>";
		};
		05CED1362911184D00DD7358 /* Card */ = {
			isa = PBXGroup;
			children = (
				05CED1372911185500DD7358 /* Card.swift */,
				05CED152291148C700DD7358 /* CardField.swift */,
			);
			path = Card;
			sourceTree = "<group>";
		};
		05CED15429140B3E00DD7358 /* Combine */ = {
			isa = PBXGroup;
			children = (
				05CED15529140B4D00DD7358 /* Binding+CardField.swift */,
			);
			path = Combine;
			sourceTree = "<group>";
		};
		05D055B8291906A400F70A82 /* Foundation */ = {
			isa = PBXGroup;
			children = (
				05D055B9291906B500F70A82 /* String+asPassword.swift */,
			);
			path = Foundation;
			sourceTree = "<group>";
		};
/* End PBXGroup section */

/* Begin PBXNativeTarget section */
		056C7B312902CA5D001A6A2C /* ComradeMajor */ = {
			isa = PBXNativeTarget;
			buildConfigurationList = 056C7B402902CA61001A6A2C /* Build configuration list for PBXNativeTarget "ComradeMajor" */;
			buildPhases = (
				056C7B2E2902CA5D001A6A2C /* Sources */,
				056C7B2F2902CA5D001A6A2C /* Frameworks */,
				056C7B302902CA5D001A6A2C /* Resources */,
			);
			buildRules = (
			);
			dependencies = (
			);
			name = ComradeMajor;
			packageProductDependencies = (
			);
			productName = ComradeMajor;
			productReference = 056C7B322902CA5D001A6A2C /* Comrade Major.app */;
			productType = "com.apple.product-type.application";
		};
/* End PBXNativeTarget section */

/* Begin PBXProject section */
		056C7B2A2902CA5D001A6A2C /* Project object */ = {
			isa = PBXProject;
			attributes = {
				BuildIndependentTargetsInParallel = 1;
				LastSwiftUpdateCheck = 1310;
				LastUpgradeCheck = 1400;
				TargetAttributes = {
					056C7B312902CA5D001A6A2C = {
						CreatedOnToolsVersion = 13.1;
					};
				};
			};
			buildConfigurationList = 056C7B2D2902CA5D001A6A2C /* Build configuration list for PBXProject "ComradeMajor" */;
			compatibilityVersion = "Xcode 13.0";
			developmentRegion = en;
			hasScannedForEncodings = 0;
			knownRegions = (
				en,
				Base,
				ru,
			);
			mainGroup = 056C7B292902CA5D001A6A2C;
			packageReferences = (
			);
			productRefGroup = 056C7B332902CA5D001A6A2C /* Products */;
			projectDirPath = "";
			projectRoot = "";
			targets = (
				056C7B312902CA5D001A6A2C /* ComradeMajor */,
			);
		};
/* End PBXProject section */

/* Begin PBXResourcesBuildPhase section */
		056C7B302902CA5D001A6A2C /* Resources */ = {
			isa = PBXResourcesBuildPhase;
			buildActionMask = 2147483647;
			files = (
				056C7B4F2902D1D6001A6A2C /* VKSansDisplay-Regular.ttf in Resources */,
				056C7B512902D1D6001A6A2C /* VKSansDisplay-Medium.ttf in Resources */,
				056C7B4E2902D1D6001A6A2C /* VKSansDisplay-Bold.ttf in Resources */,
				056C7B3A2902CA61001A6A2C /* Assets.xcassets in Resources */,
				056C7B502902D1D6001A6A2C /* VKSansDisplay-DemiBold.ttf in Resources */,
			);
			runOnlyForDeploymentPostprocessing = 0;
		};
/* End PBXResourcesBuildPhase section */

/* Begin PBXSourcesBuildPhase section */
		056C7B2E2902CA5D001A6A2C /* Sources */ = {
			isa = PBXSourcesBuildPhase;
			buildActionMask = 2147483647;
			files = (
				05D055B5291902B300F70A82 /* WillDisappearHandler.swift in Sources */,
				05CED15629140B4D00DD7358 /* Binding+CardField.swift in Sources */,
				05CED151291147BB00DD7358 /* EditCard.Auth.swift in Sources */,
				05D055C229190B5800F70A82 /* PreviewContentProvider.swift in Sources */,
				05CED14C291129AF00DD7358 /* EditCard.ViewModel.swift in Sources */,
				05C31519290EB12F00D17396 /* ComradeMajor.xcdatamodeld in Sources */,
				056C7B73290451A9001A6A2C /* Card.ViewModel.swift in Sources */,
				05C3151E290EE0E900D17396 /* DynamicFetchRequestView.swift in Sources */,
				05CED14F291144D900DD7358 /* EditCard.Header.swift in Sources */,
				056C7B5F2902D596001A6A2C /* SettingsView.swift in Sources */,
				056C7B522902D1D6001A6A2C /* ColorSet.swift in Sources */,
				05D055C0291908AA00F70A82 /* Card.Password.swift in Sources */,
				05CED1382911185500DD7358 /* Card.swift in Sources */,
				05C3151B290ECF9000D17396 /* AsyncImage.swift in Sources */,
				056C7B6C2903D259001A6A2C /* CardView.swift in Sources */,
				056C7B5B2902D536001A6A2C /* TemplatesView.swift in Sources */,
				05D055BE2919086300F70A82 /* Card.Login.swift in Sources */,
				05CED12C290EE36400DD7358 /* Home.ViewModel.swift in Sources */,
				05CED1352910435400DD7358 /* EditCardView.swift in Sources */,
				056C7B4C2902D1D6001A6A2C /* FontSet.swift in Sources */,
				056C7B582902D501001A6A2C /* HomeView.swift in Sources */,
				05CED153291148C700DD7358 /* CardField.swift in Sources */,
				05D055BC2919081D00F70A82 /* Card.Header.swift in Sources */,
				05D055BA291906B500F70A82 /* String+asPassword.swift in Sources */,
				05CED1302910405A00DD7358 /* Image+init.swift in Sources */,
				05D055B7291904A100F70A82 /* RoundedBackground.swift in Sources */,
				056C7B362902CA5D001A6A2C /* ComradeMajorApp.swift in Sources */,
				05C31520290EE2E100D17396 /* CardIcon.swift in Sources */,
			);
			runOnlyForDeploymentPostprocessing = 0;
		};
/* End PBXSourcesBuildPhase section */

/* Begin XCBuildConfiguration section */
		056C7B3E2902CA61001A6A2C /* Debug */ = {
			isa = XCBuildConfiguration;
			buildSettings = {
				ALWAYS_SEARCH_USER_PATHS = NO;
				CLANG_ANALYZER_LOCALIZABILITY_NONLOCALIZED = YES;
				CLANG_ANALYZER_NONNULL = YES;
				CLANG_ANALYZER_NUMBER_OBJECT_CONVERSION = YES_AGGRESSIVE;
				CLANG_CXX_LANGUAGE_STANDARD = "gnu++17";
				CLANG_CXX_LIBRARY = "libc++";
				CLANG_ENABLE_MODULES = YES;
				CLANG_ENABLE_OBJC_ARC = YES;
				CLANG_ENABLE_OBJC_WEAK = YES;
				CLANG_WARN_BLOCK_CAPTURE_AUTORELEASING = YES;
				CLANG_WARN_BOOL_CONVERSION = YES;
				CLANG_WARN_COMMA = YES;
				CLANG_WARN_CONSTANT_CONVERSION = YES;
				CLANG_WARN_DEPRECATED_OBJC_IMPLEMENTATIONS = YES;
				CLANG_WARN_DIRECT_OBJC_ISA_USAGE = YES_ERROR;
				CLANG_WARN_DOCUMENTATION_COMMENTS = YES;
				CLANG_WARN_EMPTY_BODY = YES;
				CLANG_WARN_ENUM_CONVERSION = YES;
				CLANG_WARN_INFINITE_RECURSION = YES;
				CLANG_WARN_INT_CONVERSION = YES;
				CLANG_WARN_NON_LITERAL_NULL_CONVERSION = YES;
				CLANG_WARN_OBJC_IMPLICIT_RETAIN_SELF = YES;
				CLANG_WARN_OBJC_LITERAL_CONVERSION = YES;
				CLANG_WARN_OBJC_ROOT_CLASS = YES_ERROR;
				CLANG_WARN_QUOTED_INCLUDE_IN_FRAMEWORK_HEADER = YES;
				CLANG_WARN_RANGE_LOOP_ANALYSIS = YES;
				CLANG_WARN_STRICT_PROTOTYPES = YES;
				CLANG_WARN_SUSPICIOUS_MOVE = YES;
				CLANG_WARN_UNGUARDED_AVAILABILITY = YES_AGGRESSIVE;
				CLANG_WARN_UNREACHABLE_CODE = YES;
				CLANG_WARN__DUPLICATE_METHOD_MATCH = YES;
				COPY_PHASE_STRIP = NO;
				DEBUG_INFORMATION_FORMAT = dwarf;
				ENABLE_STRICT_OBJC_MSGSEND = YES;
				ENABLE_TESTABILITY = YES;
				GCC_C_LANGUAGE_STANDARD = gnu11;
				GCC_DYNAMIC_NO_PIC = NO;
				GCC_NO_COMMON_BLOCKS = YES;
				GCC_OPTIMIZATION_LEVEL = 0;
				GCC_PREPROCESSOR_DEFINITIONS = (
					"DEBUG=1",
					"$(inherited)",
				);
				GCC_WARN_64_TO_32_BIT_CONVERSION = YES;
				GCC_WARN_ABOUT_RETURN_TYPE = YES_ERROR;
				GCC_WARN_UNDECLARED_SELECTOR = YES;
				GCC_WARN_UNINITIALIZED_AUTOS = YES_AGGRESSIVE;
				GCC_WARN_UNUSED_FUNCTION = YES;
				GCC_WARN_UNUSED_VARIABLE = YES;
				IPHONEOS_DEPLOYMENT_TARGET = 16.0;
				MTL_ENABLE_DEBUG_INFO = INCLUDE_SOURCE;
				MTL_FAST_MATH = YES;
				ONLY_ACTIVE_ARCH = YES;
				SDKROOT = iphoneos;
				SWIFT_ACTIVE_COMPILATION_CONDITIONS = DEBUG;
				SWIFT_OPTIMIZATION_LEVEL = "-Onone";
			};
			name = Debug;
		};
		056C7B3F2902CA61001A6A2C /* Release */ = {
			isa = XCBuildConfiguration;
			buildSettings = {
				ALWAYS_SEARCH_USER_PATHS = NO;
				CLANG_ANALYZER_LOCALIZABILITY_NONLOCALIZED = YES;
				CLANG_ANALYZER_NONNULL = YES;
				CLANG_ANALYZER_NUMBER_OBJECT_CONVERSION = YES_AGGRESSIVE;
				CLANG_CXX_LANGUAGE_STANDARD = "gnu++17";
				CLANG_CXX_LIBRARY = "libc++";
				CLANG_ENABLE_MODULES = YES;
				CLANG_ENABLE_OBJC_ARC = YES;
				CLANG_ENABLE_OBJC_WEAK = YES;
				CLANG_WARN_BLOCK_CAPTURE_AUTORELEASING = YES;
				CLANG_WARN_BOOL_CONVERSION = YES;
				CLANG_WARN_COMMA = YES;
				CLANG_WARN_CONSTANT_CONVERSION = YES;
				CLANG_WARN_DEPRECATED_OBJC_IMPLEMENTATIONS = YES;
				CLANG_WARN_DIRECT_OBJC_ISA_USAGE = YES_ERROR;
				CLANG_WARN_DOCUMENTATION_COMMENTS = YES;
				CLANG_WARN_EMPTY_BODY = YES;
				CLANG_WARN_ENUM_CONVERSION = YES;
				CLANG_WARN_INFINITE_RECURSION = YES;
				CLANG_WARN_INT_CONVERSION = YES;
				CLANG_WARN_NON_LITERAL_NULL_CONVERSION = YES;
				CLANG_WARN_OBJC_IMPLICIT_RETAIN_SELF = YES;
				CLANG_WARN_OBJC_LITERAL_CONVERSION = YES;
				CLANG_WARN_OBJC_ROOT_CLASS = YES_ERROR;
				CLANG_WARN_QUOTED_INCLUDE_IN_FRAMEWORK_HEADER = YES;
				CLANG_WARN_RANGE_LOOP_ANALYSIS = YES;
				CLANG_WARN_STRICT_PROTOTYPES = YES;
				CLANG_WARN_SUSPICIOUS_MOVE = YES;
				CLANG_WARN_UNGUARDED_AVAILABILITY = YES_AGGRESSIVE;
				CLANG_WARN_UNREACHABLE_CODE = YES;
				CLANG_WARN__DUPLICATE_METHOD_MATCH = YES;
				COPY_PHASE_STRIP = NO;
				DEBUG_INFORMATION_FORMAT = "dwarf-with-dsym";
				ENABLE_NS_ASSERTIONS = NO;
				ENABLE_STRICT_OBJC_MSGSEND = YES;
				GCC_C_LANGUAGE_STANDARD = gnu11;
				GCC_NO_COMMON_BLOCKS = YES;
				GCC_WARN_64_TO_32_BIT_CONVERSION = YES;
				GCC_WARN_ABOUT_RETURN_TYPE = YES_ERROR;
				GCC_WARN_UNDECLARED_SELECTOR = YES;
				GCC_WARN_UNINITIALIZED_AUTOS = YES_AGGRESSIVE;
				GCC_WARN_UNUSED_FUNCTION = YES;
				GCC_WARN_UNUSED_VARIABLE = YES;
				IPHONEOS_DEPLOYMENT_TARGET = 16.0;
				MTL_ENABLE_DEBUG_INFO = NO;
				MTL_FAST_MATH = YES;
				SDKROOT = iphoneos;
				SWIFT_COMPILATION_MODE = wholemodule;
				SWIFT_OPTIMIZATION_LEVEL = "-O";
				VALIDATE_PRODUCT = YES;
			};
			name = Release;
		};
		056C7B412902CA61001A6A2C /* Debug */ = {
			isa = XCBuildConfiguration;
			buildSettings = {
				ASSETCATALOG_COMPILER_APPICON_NAME = AppIcon;
				ASSETCATALOG_COMPILER_INCLUDE_ALL_APPICON_ASSETS = NO;
				CODE_SIGN_STYLE = Automatic;
				CURRENT_PROJECT_VERSION = 1;
				DEVELOPMENT_TEAM = W477DD4M7K;
				ENABLE_PREVIEWS = YES;
				GENERATE_INFOPLIST_FILE = YES;
				INFOPLIST_FILE = ComradeMajor/Info.plist;
				INFOPLIST_KEY_LSApplicationCategoryType = "public.app-category.productivity";
				INFOPLIST_KEY_UIApplicationSceneManifest_Generation = YES;
				INFOPLIST_KEY_UIApplicationSupportsIndirectInputEvents = YES;
				INFOPLIST_KEY_UILaunchScreen_Generation = YES;
				INFOPLIST_KEY_UISupportedInterfaceOrientations = UIInterfaceOrientationPortrait;
				INFOPLIST_KEY_UISupportedInterfaceOrientations_iPad = "UIInterfaceOrientationPortrait UIInterfaceOrientationPortraitUpsideDown UIInterfaceOrientationLandscapeLeft UIInterfaceOrientationLandscapeRight";
				INFOPLIST_KEY_UISupportedInterfaceOrientations_iPhone = "UIInterfaceOrientationPortrait UIInterfaceOrientationLandscapeLeft UIInterfaceOrientationLandscapeRight";
				INFOPLIST_KEY_UIUserInterfaceStyle = Dark;
				LD_RUNPATH_SEARCH_PATHS = (
					"$(inherited)",
					"@executable_path/Frameworks",
				);
				MARKETING_VERSION = 1.0;
				PRODUCT_BUNDLE_IDENTIFIER = com.georgycheremnykh.comrademajor;
				PRODUCT_NAME = "Comrade Major";
				SUPPORTED_PLATFORMS = "iphoneos iphonesimulator";
				SUPPORTS_MACCATALYST = NO;
				SUPPORTS_MAC_DESIGNED_FOR_IPHONE_IPAD = NO;
				SWIFT_EMIT_LOC_STRINGS = YES;
				SWIFT_VERSION = 5.0;
				TARGETED_DEVICE_FAMILY = 1;
			};
			name = Debug;
		};
		056C7B422902CA61001A6A2C /* Release */ = {
			isa = XCBuildConfiguration;
			buildSettings = {
				ASSETCATALOG_COMPILER_APPICON_NAME = AppIcon;
				ASSETCATALOG_COMPILER_INCLUDE_ALL_APPICON_ASSETS = NO;
				CODE_SIGN_STYLE = Automatic;
				CURRENT_PROJECT_VERSION = 1;
				DEVELOPMENT_TEAM = W477DD4M7K;
				ENABLE_PREVIEWS = YES;
				GENERATE_INFOPLIST_FILE = YES;
				INFOPLIST_FILE = ComradeMajor/Info.plist;
				INFOPLIST_KEY_LSApplicationCategoryType = "public.app-category.productivity";
				INFOPLIST_KEY_UIApplicationSceneManifest_Generation = YES;
				INFOPLIST_KEY_UIApplicationSupportsIndirectInputEvents = YES;
				INFOPLIST_KEY_UILaunchScreen_Generation = YES;
				INFOPLIST_KEY_UISupportedInterfaceOrientations = UIInterfaceOrientationPortrait;
				INFOPLIST_KEY_UISupportedInterfaceOrientations_iPad = "UIInterfaceOrientationPortrait UIInterfaceOrientationPortraitUpsideDown UIInterfaceOrientationLandscapeLeft UIInterfaceOrientationLandscapeRight";
				INFOPLIST_KEY_UISupportedInterfaceOrientations_iPhone = "UIInterfaceOrientationPortrait UIInterfaceOrientationLandscapeLeft UIInterfaceOrientationLandscapeRight";
				INFOPLIST_KEY_UIUserInterfaceStyle = Dark;
				LD_RUNPATH_SEARCH_PATHS = (
					"$(inherited)",
					"@executable_path/Frameworks",
				);
				MARKETING_VERSION = 1.0;
				PRODUCT_BUNDLE_IDENTIFIER = com.georgycheremnykh.comrademajor;
				PRODUCT_NAME = "Comrade Major";
				SUPPORTED_PLATFORMS = "iphoneos iphonesimulator";
				SUPPORTS_MACCATALYST = NO;
				SUPPORTS_MAC_DESIGNED_FOR_IPHONE_IPAD = NO;
				SWIFT_EMIT_LOC_STRINGS = YES;
				SWIFT_VERSION = 5.0;
				TARGETED_DEVICE_FAMILY = 1;
			};
			name = Release;
		};
/* End XCBuildConfiguration section */

/* Begin XCConfigurationList section */
		056C7B2D2902CA5D001A6A2C /* Build configuration list for PBXProject "ComradeMajor" */ = {
			isa = XCConfigurationList;
			buildConfigurations = (
				056C7B3E2902CA61001A6A2C /* Debug */,
				056C7B3F2902CA61001A6A2C /* Release */,
			);
			defaultConfigurationIsVisible = 0;
			defaultConfigurationName = Release;
		};
		056C7B402902CA61001A6A2C /* Build configuration list for PBXNativeTarget "ComradeMajor" */ = {
			isa = XCConfigurationList;
			buildConfigurations = (
				056C7B412902CA61001A6A2C /* Debug */,
				056C7B422902CA61001A6A2C /* Release */,
			);
			defaultConfigurationIsVisible = 0;
			defaultConfigurationName = Release;
		};
/* End XCConfigurationList section */

/* Begin XCVersionGroup section */
		05C31517290EB12F00D17396 /* ComradeMajor.xcdatamodeld */ = {
			isa = XCVersionGroup;
			children = (
				05C31518290EB12F00D17396 /* ComradeMajor.xcdatamodel */,
			);
			currentVersion = 05C31518290EB12F00D17396 /* ComradeMajor.xcdatamodel */;
			path = ComradeMajor.xcdatamodeld;
			sourceTree = "<group>";
			versionGroupType = wrapper.xcdatamodel;
		};
/* End XCVersionGroup section */
	};
	rootObject = 056C7B2A2902CA5D001A6A2C /* Project object */;
}
